// !$*UTF8*$!
{
	archiveVersion = 1;
	classes = {
	};
	objectVersion = 77;
	objects = {

/* Begin PBXBuildFile section */
		6926DB352E549F3D007C19CC /* LiveKit in Frameworks */ = {isa = PBXBuildFile; productRef = 6926DB1C2E549F00007C19CC /* LiveKit */; };
		6977B39D2E558B3E00E76CBF /* LiveKit in Frameworks */ = {isa = PBXBuildFile; productRef = 6977B39C2E558B3E00E76CBF /* LiveKit */; };
/* End PBXBuildFile section */

/* Begin PBXContainerItemProxy section */
		690FFA852E556A7D00BBE904 /* PBXContainerItemProxy */ = {
			isa = PBXContainerItemProxy;
			containerPortal = 6926DAEA2E549E85007C19CC /* Project object */;
			proxyType = 1;
			remoteGlobalIDString = 690FFA762E556A7B00BBE904;
			remoteInfo = TotalCallTestMac;
		};
		690FFA8F2E556A7D00BBE904 /* PBXContainerItemProxy */ = {
			isa = PBXContainerItemProxy;
			containerPortal = 6926DAEA2E549E85007C19CC /* Project object */;
			proxyType = 1;
			remoteGlobalIDString = 690FFA762E556A7B00BBE904;
			remoteInfo = TotalCallTestMac;
		};
		6926DB002E549E87007C19CC /* PBXContainerItemProxy */ = {
			isa = PBXContainerItemProxy;
			containerPortal = 6926DAEA2E549E85007C19CC /* Project object */;
			proxyType = 1;
			remoteGlobalIDString = 6926DAF12E549E85007C19CC;
			remoteInfo = TotalCallTest;
		};
		6926DB0A2E549E87007C19CC /* PBXContainerItemProxy */ = {
			isa = PBXContainerItemProxy;
			containerPortal = 6926DAEA2E549E85007C19CC /* Project object */;
			proxyType = 1;
			remoteGlobalIDString = 6926DAF12E549E85007C19CC;
			remoteInfo = TotalCallTest;
		};
/* End PBXContainerItemProxy section */

/* Begin PBXFileReference section */
		690FFA772E556A7B00BBE904 /* TotalCallTestMac.app */ = {isa = PBXFileReference; explicitFileType = wrapper.application; includeInIndex = 0; path = TotalCallTestMac.app; sourceTree = BUILT_PRODUCTS_DIR; };
		690FFA842E556A7D00BBE904 /* TotalCallTestMacTests.xctest */ = {isa = PBXFileReference; explicitFileType = wrapper.cfbundle; includeInIndex = 0; path = TotalCallTestMacTests.xctest; sourceTree = BUILT_PRODUCTS_DIR; };
		690FFA8E2E556A7D00BBE904 /* TotalCallTestMacUITests.xctest */ = {isa = PBXFileReference; explicitFileType = wrapper.cfbundle; includeInIndex = 0; path = TotalCallTestMacUITests.xctest; sourceTree = BUILT_PRODUCTS_DIR; };
		6926DAF22E549E85007C19CC /* TotalCallTest.app */ = {isa = PBXFileReference; explicitFileType = wrapper.application; includeInIndex = 0; path = TotalCallTest.app; sourceTree = BUILT_PRODUCTS_DIR; };
		6926DAFF2E549E87007C19CC /* TotalCallTestTests.xctest */ = {isa = PBXFileReference; explicitFileType = wrapper.cfbundle; includeInIndex = 0; path = TotalCallTestTests.xctest; sourceTree = BUILT_PRODUCTS_DIR; };
		6926DB092E549E87007C19CC /* TotalCallTestUITests.xctest */ = {isa = PBXFileReference; explicitFileType = wrapper.cfbundle; includeInIndex = 0; path = TotalCallTestUITests.xctest; sourceTree = BUILT_PRODUCTS_DIR; };
/* End PBXFileReference section */

/* Begin PBXFileSystemSynchronizedBuildFileExceptionSet section */
		690FFAA02E556CC900BBE904 /* Exceptions for "TotalCallTest" folder in "TotalCallTestMac" target */ = {
			isa = PBXFileSystemSynchronizedBuildFileExceptionSet;
			membershipExceptions = (
				LiveKitCallView.swift,
				LiveKitManager.swift,
				LiveKitTokenGenerator.swift,
			);
			target = 690FFA762E556A7B00BBE904 /* TotalCallTestMac */;
		};
/* End PBXFileSystemSynchronizedBuildFileExceptionSet section */

/* Begin PBXFileSystemSynchronizedRootGroup section */
		690FFA782E556A7B00BBE904 /* TotalCallTestMac */ = {
			isa = PBXFileSystemSynchronizedRootGroup;
			path = TotalCallTestMac;
			sourceTree = "<group>";
		};
		690FFA872E556A7D00BBE904 /* TotalCallTestMacTests */ = {
			isa = PBXFileSystemSynchronizedRootGroup;
			path = TotalCallTestMacTests;
			sourceTree = "<group>";
		};
		690FFA912E556A7D00BBE904 /* TotalCallTestMacUITests */ = {
			isa = PBXFileSystemSynchronizedRootGroup;
			path = TotalCallTestMacUITests;
			sourceTree = "<group>";
		};
		6926DAF42E549E85007C19CC /* TotalCallTest */ = {
			isa = PBXFileSystemSynchronizedRootGroup;
			exceptions = (
				690FFAA02E556CC900BBE904 /* Exceptions for "TotalCallTest" folder in "TotalCallTestMac" target */,
			);
			path = TotalCallTest;
			sourceTree = "<group>";
		};
		6926DB022E549E87007C19CC /* TotalCallTestTests */ = {
			isa = PBXFileSystemSynchronizedRootGroup;
			path = TotalCallTestTests;
			sourceTree = "<group>";
		};
		6926DB0C2E549E87007C19CC /* TotalCallTestUITests */ = {
			isa = PBXFileSystemSynchronizedRootGroup;
			path = TotalCallTestUITests;
			sourceTree = "<group>";
		};
/* End PBXFileSystemSynchronizedRootGroup section */

/* Begin PBXFrameworksBuildPhase section */
		690FFA742E556A7B00BBE904 /* Frameworks */ = {
			isa = PBXFrameworksBuildPhase;
			buildActionMask = 2147483647;
			files = (
				6977B39D2E558B3E00E76CBF /* LiveKit in Frameworks */,
			);
			runOnlyForDeploymentPostprocessing = 0;
		};
		690FFA812E556A7D00BBE904 /* Frameworks */ = {
			isa = PBXFrameworksBuildPhase;
			buildActionMask = 2147483647;
			files = (
			);
			runOnlyForDeploymentPostprocessing = 0;
		};
		690FFA8B2E556A7D00BBE904 /* Frameworks */ = {
			isa = PBXFrameworksBuildPhase;
			buildActionMask = 2147483647;
			files = (
			);
			runOnlyForDeploymentPostprocessing = 0;
		};
		6926DAEF2E549E85007C19CC /* Frameworks */ = {
			isa = PBXFrameworksBuildPhase;
			buildActionMask = 2147483647;
			files = (
				6926DB352E549F3D007C19CC /* LiveKit in Frameworks */,
			);
			runOnlyForDeploymentPostprocessing = 0;
		};
		6926DAFC2E549E87007C19CC /* Frameworks */ = {
			isa = PBXFrameworksBuildPhase;
			buildActionMask = 2147483647;
			files = (
			);
			runOnlyForDeploymentPostprocessing = 0;
		};
		6926DB062E549E87007C19CC /* Frameworks */ = {
			isa = PBXFrameworksBuildPhase;
			buildActionMask = 2147483647;
			files = (
			);
			runOnlyForDeploymentPostprocessing = 0;
		};
/* End PBXFrameworksBuildPhase section */

/* Begin PBXGroup section */
		6926DAE92E549E85007C19CC = {
			isa = PBXGroup;
			children = (
				6926DAF42E549E85007C19CC /* TotalCallTest */,
				6926DB022E549E87007C19CC /* TotalCallTestTests */,
				6926DB0C2E549E87007C19CC /* TotalCallTestUITests */,
				690FFA782E556A7B00BBE904 /* TotalCallTestMac */,
				690FFA872E556A7D00BBE904 /* TotalCallTestMacTests */,
				690FFA912E556A7D00BBE904 /* TotalCallTestMacUITests */,
				6977B39B2E558B3E00E76CBF /* Frameworks */,
				6926DAF32E549E85007C19CC /* Products */,
			);
			sourceTree = "<group>";
		};
		6926DAF32E549E85007C19CC /* Products */ = {
			isa = PBXGroup;
			children = (
				6926DAF22E549E85007C19CC /* TotalCallTest.app */,
				6926DAFF2E549E87007C19CC /* TotalCallTestTests.xctest */,
				6926DB092E549E87007C19CC /* TotalCallTestUITests.xctest */,
				690FFA772E556A7B00BBE904 /* TotalCallTestMac.app */,
				690FFA842E556A7D00BBE904 /* TotalCallTestMacTests.xctest */,
				690FFA8E2E556A7D00BBE904 /* TotalCallTestMacUITests.xctest */,
			);
			name = Products;
			sourceTree = "<group>";
		};
		6977B39B2E558B3E00E76CBF /* Frameworks */ = {
			isa = PBXGroup;
			children = (
			);
			name = Frameworks;
			sourceTree = "<group>";
		};
/* End PBXGroup section */

/* Begin PBXNativeTarget section */
		690FFA762E556A7B00BBE904 /* TotalCallTestMac */ = {
			isa = PBXNativeTarget;
			buildConfigurationList = 690FFA962E556A7D00BBE904 /* Build configuration list for PBXNativeTarget "TotalCallTestMac" */;
			buildPhases = (
				690FFA732E556A7B00BBE904 /* Sources */,
				690FFA742E556A7B00BBE904 /* Frameworks */,
				690FFA752E556A7B00BBE904 /* Resources */,
			);
			buildRules = (
			);
			dependencies = (
			);
			fileSystemSynchronizedGroups = (
				690FFA782E556A7B00BBE904 /* TotalCallTestMac */,
			);
			name = TotalCallTestMac;
			packageProductDependencies = (
				6977B39C2E558B3E00E76CBF /* LiveKit */,
			);
			productName = TotalCallTestMac;
			productReference = 690FFA772E556A7B00BBE904 /* TotalCallTestMac.app */;
			productType = "com.apple.product-type.application";
		};
		690FFA832E556A7D00BBE904 /* TotalCallTestMacTests */ = {
			isa = PBXNativeTarget;
			buildConfigurationList = 690FFA992E556A7D00BBE904 /* Build configuration list for PBXNativeTarget "TotalCallTestMacTests" */;
			buildPhases = (
				690FFA802E556A7D00BBE904 /* Sources */,
				690FFA812E556A7D00BBE904 /* Frameworks */,
				690FFA822E556A7D00BBE904 /* Resources */,
			);
			buildRules = (
			);
			dependencies = (
				690FFA862E556A7D00BBE904 /* PBXTargetDependency */,
			);
			fileSystemSynchronizedGroups = (
				690FFA872E556A7D00BBE904 /* TotalCallTestMacTests */,
			);
			name = TotalCallTestMacTests;
			packageProductDependencies = (
			);
			productName = TotalCallTestMacTests;
			productReference = 690FFA842E556A7D00BBE904 /* TotalCallTestMacTests.xctest */;
			productType = "com.apple.product-type.bundle.unit-test";
		};
		690FFA8D2E556A7D00BBE904 /* TotalCallTestMacUITests */ = {
			isa = PBXNativeTarget;
			buildConfigurationList = 690FFA9C2E556A7D00BBE904 /* Build configuration list for PBXNativeTarget "TotalCallTestMacUITests" */;
			buildPhases = (
				690FFA8A2E556A7D00BBE904 /* Sources */,
				690FFA8B2E556A7D00BBE904 /* Frameworks */,
				690FFA8C2E556A7D00BBE904 /* Resources */,
			);
			buildRules = (
			);
			dependencies = (
				690FFA902E556A7D00BBE904 /* PBXTargetDependency */,
			);
			fileSystemSynchronizedGroups = (
				690FFA912E556A7D00BBE904 /* TotalCallTestMacUITests */,
			);
			name = TotalCallTestMacUITests;
			packageProductDependencies = (
			);
			productName = TotalCallTestMacUITests;
			productReference = 690FFA8E2E556A7D00BBE904 /* TotalCallTestMacUITests.xctest */;
			productType = "com.apple.product-type.bundle.ui-testing";
		};
		6926DAF12E549E85007C19CC /* TotalCallTest */ = {
			isa = PBXNativeTarget;
			buildConfigurationList = 6926DB132E549E87007C19CC /* Build configuration list for PBXNativeTarget "TotalCallTest" */;
			buildPhases = (
				6926DAEE2E549E85007C19CC /* Sources */,
				6926DAEF2E549E85007C19CC /* Frameworks */,
				6926DAF02E549E85007C19CC /* Resources */,
			);
			buildRules = (
			);
			dependencies = (
			);
			fileSystemSynchronizedGroups = (
				6926DAF42E549E85007C19CC /* TotalCallTest */,
			);
			name = TotalCallTest;
			packageProductDependencies = (
				6926DB1C2E549F00007C19CC /* LiveKit */,
			);
			productName = TotalCallTest;
			productReference = 6926DAF22E549E85007C19CC /* TotalCallTest.app */;
			productType = "com.apple.product-type.application";
		};
		6926DAFE2E549E87007C19CC /* TotalCallTestTests */ = {
			isa = PBXNativeTarget;
			buildConfigurationList = 6926DB162E549E87007C19CC /* Build configuration list for PBXNativeTarget "TotalCallTestTests" */;
			buildPhases = (
				6926DAFB2E549E87007C19CC /* Sources */,
				6926DAFC2E549E87007C19CC /* Frameworks */,
				6926DAFD2E549E87007C19CC /* Resources */,
			);
			buildRules = (
			);
			dependencies = (
				6926DB012E549E87007C19CC /* PBXTargetDependency */,
			);
			fileSystemSynchronizedGroups = (
				6926DB022E549E87007C19CC /* TotalCallTestTests */,
			);
			name = TotalCallTestTests;
			packageProductDependencies = (
			);
			productName = TotalCallTestTests;
			productReference = 6926DAFF2E549E87007C19CC /* TotalCallTestTests.xctest */;
			productType = "com.apple.product-type.bundle.unit-test";
		};
		6926DB082E549E87007C19CC /* TotalCallTestUITests */ = {
			isa = PBXNativeTarget;
			buildConfigurationList = 6926DB192E549E87007C19CC /* Build configuration list for PBXNativeTarget "TotalCallTestUITests" */;
			buildPhases = (
				6926DB052E549E87007C19CC /* Sources */,
				6926DB062E549E87007C19CC /* Frameworks */,
				6926DB072E549E87007C19CC /* Resources */,
			);
			buildRules = (
			);
			dependencies = (
				6926DB0B2E549E87007C19CC /* PBXTargetDependency */,
			);
			fileSystemSynchronizedGroups = (
				6926DB0C2E549E87007C19CC /* TotalCallTestUITests */,
			);
			name = TotalCallTestUITests;
			packageProductDependencies = (
			);
			productName = TotalCallTestUITests;
			productReference = 6926DB092E549E87007C19CC /* TotalCallTestUITests.xctest */;
			productType = "com.apple.product-type.bundle.ui-testing";
		};
/* End PBXNativeTarget section */

/* Begin PBXProject section */
		6926DAEA2E549E85007C19CC /* Project object */ = {
			isa = PBXProject;
			attributes = {
				BuildIndependentTargetsInParallel = 1;
				LastSwiftUpdateCheck = 1640;
				LastUpgradeCheck = 1640;
				TargetAttributes = {
					690FFA762E556A7B00BBE904 = {
						CreatedOnToolsVersion = 16.4;
					};
					690FFA832E556A7D00BBE904 = {
						CreatedOnToolsVersion = 16.4;
						TestTargetID = 690FFA762E556A7B00BBE904;
					};
					690FFA8D2E556A7D00BBE904 = {
						CreatedOnToolsVersion = 16.4;
						TestTargetID = 690FFA762E556A7B00BBE904;
					};
					6926DAF12E549E85007C19CC = {
						CreatedOnToolsVersion = 16.4;
					};
					6926DAFE2E549E87007C19CC = {
						CreatedOnToolsVersion = 16.4;
						TestTargetID = 6926DAF12E549E85007C19CC;
					};
					6926DB082E549E87007C19CC = {
						CreatedOnToolsVersion = 16.4;
						TestTargetID = 6926DAF12E549E85007C19CC;
					};
				};
			};
			buildConfigurationList = 6926DAED2E549E85007C19CC /* Build configuration list for PBXProject "TotalCallTest" */;
			developmentRegion = en;
			hasScannedForEncodings = 0;
			knownRegions = (
				en,
				Base,
			);
			mainGroup = 6926DAE92E549E85007C19CC;
			minimizedProjectReferenceProxies = 1;
			packageReferences = (
				6926DB1D2E549F00007C19CC /* XCRemoteSwiftPackageReference "client-sdk-swift" */,
			);
			preferredProjectObjectVersion = 77;
			productRefGroup = 6926DAF32E549E85007C19CC /* Products */;
			projectDirPath = "";
			projectRoot = "";
			targets = (
				6926DAF12E549E85007C19CC /* TotalCallTest */,
				6926DAFE2E549E87007C19CC /* TotalCallTestTests */,
				6926DB082E549E87007C19CC /* TotalCallTestUITests */,
				690FFA762E556A7B00BBE904 /* TotalCallTestMac */,
				690FFA832E556A7D00BBE904 /* TotalCallTestMacTests */,
				690FFA8D2E556A7D00BBE904 /* TotalCallTestMacUITests */,
			);
		};
/* End PBXProject section */

/* Begin PBXResourcesBuildPhase section */
		690FFA752E556A7B00BBE904 /* Resources */ = {
			isa = PBXResourcesBuildPhase;
			buildActionMask = 2147483647;
			files = (
			);
			runOnlyForDeploymentPostprocessing = 0;
		};
		690FFA822E556A7D00BBE904 /* Resources */ = {
			isa = PBXResourcesBuildPhase;
			buildActionMask = 2147483647;
			files = (
			);
			runOnlyForDeploymentPostprocessing = 0;
		};
		690FFA8C2E556A7D00BBE904 /* Resources */ = {
			isa = PBXResourcesBuildPhase;
			buildActionMask = 2147483647;
			files = (
			);
			runOnlyForDeploymentPostprocessing = 0;
		};
		6926DAF02E549E85007C19CC /* Resources */ = {
			isa = PBXResourcesBuildPhase;
			buildActionMask = 2147483647;
			files = (
			);
			runOnlyForDeploymentPostprocessing = 0;
		};
		6926DAFD2E549E87007C19CC /* Resources */ = {
			isa = PBXResourcesBuildPhase;
			buildActionMask = 2147483647;
			files = (
			);
			runOnlyForDeploymentPostprocessing = 0;
		};
		6926DB072E549E87007C19CC /* Resources */ = {
			isa = PBXResourcesBuildPhase;
			buildActionMask = 2147483647;
			files = (
			);
			runOnlyForDeploymentPostprocessing = 0;
		};
/* End PBXResourcesBuildPhase section */

/* Begin PBXSourcesBuildPhase section */
		690FFA732E556A7B00BBE904 /* Sources */ = {
			isa = PBXSourcesBuildPhase;
			buildActionMask = 2147483647;
			files = (
			);
			runOnlyForDeploymentPostprocessing = 0;
		};
		690FFA802E556A7D00BBE904 /* Sources */ = {
			isa = PBXSourcesBuildPhase;
			buildActionMask = 2147483647;
			files = (
			);
			runOnlyForDeploymentPostprocessing = 0;
		};
		690FFA8A2E556A7D00BBE904 /* Sources */ = {
			isa = PBXSourcesBuildPhase;
			buildActionMask = 2147483647;
			files = (
			);
			runOnlyForDeploymentPostprocessing = 0;
		};
		6926DAEE2E549E85007C19CC /* Sources */ = {
			isa = PBXSourcesBuildPhase;
			buildActionMask = 2147483647;
			files = (
			);
			runOnlyForDeploymentPostprocessing = 0;
		};
		6926DAFB2E549E87007C19CC /* Sources */ = {
			isa = PBXSourcesBuildPhase;
			buildActionMask = 2147483647;
			files = (
			);
			runOnlyForDeploymentPostprocessing = 0;
		};
		6926DB052E549E87007C19CC /* Sources */ = {
			isa = PBXSourcesBuildPhase;
			buildActionMask = 2147483647;
			files = (
			);
			runOnlyForDeploymentPostprocessing = 0;
		};
/* End PBXSourcesBuildPhase section */

/* Begin PBXTargetDependency section */
		690FFA862E556A7D00BBE904 /* PBXTargetDependency */ = {
			isa = PBXTargetDependency;
			target = 690FFA762E556A7B00BBE904 /* TotalCallTestMac */;
			targetProxy = 690FFA852E556A7D00BBE904 /* PBXContainerItemProxy */;
		};
		690FFA902E556A7D00BBE904 /* PBXTargetDependency */ = {
			isa = PBXTargetDependency;
			target = 690FFA762E556A7B00BBE904 /* TotalCallTestMac */;
			targetProxy = 690FFA8F2E556A7D00BBE904 /* PBXContainerItemProxy */;
		};
		6926DB012E549E87007C19CC /* PBXTargetDependency */ = {
			isa = PBXTargetDependency;
			target = 6926DAF12E549E85007C19CC /* TotalCallTest */;
			targetProxy = 6926DB002E549E87007C19CC /* PBXContainerItemProxy */;
		};
		6926DB0B2E549E87007C19CC /* PBXTargetDependency */ = {
			isa = PBXTargetDependency;
			target = 6926DAF12E549E85007C19CC /* TotalCallTest */;
			targetProxy = 6926DB0A2E549E87007C19CC /* PBXContainerItemProxy */;
		};
/* End PBXTargetDependency section */

/* Begin XCBuildConfiguration section */
		690FFA972E556A7D00BBE904 /* Debug */ = {
			isa = XCBuildConfiguration;
			buildSettings = {
				ASSETCATALOG_COMPILER_APPICON_NAME = AppIcon;
				ASSETCATALOG_COMPILER_GLOBAL_ACCENT_COLOR_NAME = AccentColor;
				CODE_SIGN_ENTITLEMENTS = TotalCallTestMac/TotalCallTestMac.entitlements;
				"CODE_SIGN_IDENTITY[sdk=macosx*]" = "Apple Development";
				CODE_SIGN_STYLE = Automatic;
				COMBINE_HIDPI_IMAGES = YES;
				CURRENT_PROJECT_VERSION = 1;
				DEVELOPMENT_TEAM = TNLP8V9RKK;
				ENABLE_HARDENED_RUNTIME = YES;
				ENABLE_PREVIEWS = YES;
				GENERATE_INFOPLIST_FILE = YES;
				INFOPLIST_KEY_NSHumanReadableCopyright = "";
				LD_RUNPATH_SEARCH_PATHS = (
					"$(inherited)",
					"@executable_path/../Frameworks",
				);
				MACOSX_DEPLOYMENT_TARGET = 15.5;
				MARKETING_VERSION = 1.0;
				PRODUCT_BUNDLE_IDENTIFIER = com.tiger2ndapp.TotalCallTestMac;
				PRODUCT_NAME = TotalCallTestMac;
				REGISTER_APP_GROUPS = YES;
				SDKROOT = macosx;
				SWIFT_EMIT_LOC_STRINGS = YES;
				SWIFT_VERSION = 5.0;
			};
			name = Debug;
		};
		690FFA982E556A7D00BBE904 /* Release */ = {
			isa = XCBuildConfiguration;
			buildSettings = {
				ASSETCATALOG_COMPILER_APPICON_NAME = AppIcon;
				ASSETCATALOG_COMPILER_GLOBAL_ACCENT_COLOR_NAME = AccentColor;
				CODE_SIGN_ENTITLEMENTS = TotalCallTestMac/TotalCallTestMac.entitlements;
				"CODE_SIGN_IDENTITY[sdk=macosx*]" = "Apple Development";
				CODE_SIGN_STYLE = Automatic;
				COMBINE_HIDPI_IMAGES = YES;
				CURRENT_PROJECT_VERSION = 1;
				DEVELOPMENT_TEAM = TNLP8V9RKK;
				ENABLE_HARDENED_RUNTIME = YES;
				ENABLE_PREVIEWS = YES;
				GENERATE_INFOPLIST_FILE = YES;
				INFOPLIST_KEY_NSHumanReadableCopyright = "";
				LD_RUNPATH_SEARCH_PATHS = (
					"$(inherited)",
					"@executable_path/../Frameworks",
				);
				MACOSX_DEPLOYMENT_TARGET = 15.5;
				MARKETING_VERSION = 1.0;
				PRODUCT_BUNDLE_IDENTIFIER = com.tiger2ndapp.TotalCallTestMac;
				PRODUCT_NAME = TotalCallTestMac;
				REGISTER_APP_GROUPS = YES;
				SDKROOT = macosx;
				SWIFT_EMIT_LOC_STRINGS = YES;
				SWIFT_VERSION = 5.0;
			};
			name = Release;
		};
		690FFA9A2E556A7D00BBE904 /* Debug */ = {
			isa = XCBuildConfiguration;
			buildSettings = {
				BUNDLE_LOADER = "$(TEST_HOST)";
				CODE_SIGN_STYLE = Automatic;
				CURRENT_PROJECT_VERSION = 1;
				DEVELOPMENT_TEAM = TNLP8V9RKK;
				GENERATE_INFOPLIST_FILE = YES;
				MACOSX_DEPLOYMENT_TARGET = 15.5;
				MARKETING_VERSION = 1.0;
				PRODUCT_BUNDLE_IDENTIFIER = com.tigers2nd.VideoTestApp.TotalCallTestMacTests;
				PRODUCT_NAME = "$(TARGET_NAME)";
				SDKROOT = macosx;
				SWIFT_EMIT_LOC_STRINGS = NO;
				SWIFT_VERSION = 5.0;
				TEST_HOST = "$(BUILT_PRODUCTS_DIR)/TotalCallTestMac.app/$(BUNDLE_EXECUTABLE_FOLDER_PATH)/TotalCallTestMac";
			};
			name = Debug;
		};
		690FFA9B2E556A7D00BBE904 /* Release */ = {
			isa = XCBuildConfiguration;
			buildSettings = {
				BUNDLE_LOADER = "$(TEST_HOST)";
				CODE_SIGN_STYLE = Automatic;
				CURRENT_PROJECT_VERSION = 1;
				DEVELOPMENT_TEAM = TNLP8V9RKK;
				GENERATE_INFOPLIST_FILE = YES;
				MACOSX_DEPLOYMENT_TARGET = 15.5;
				MARKETING_VERSION = 1.0;
				PRODUCT_BUNDLE_IDENTIFIER = com.tigers2nd.VideoTestApp.TotalCallTestMacTests;
				PRODUCT_NAME = "$(TARGET_NAME)";
				SDKROOT = macosx;
				SWIFT_EMIT_LOC_STRINGS = NO;
				SWIFT_VERSION = 5.0;
				TEST_HOST = "$(BUILT_PRODUCTS_DIR)/TotalCallTestMac.app/$(BUNDLE_EXECUTABLE_FOLDER_PATH)/TotalCallTestMac";
			};
			name = Release;
		};
		690FFA9D2E556A7D00BBE904 /* Debug */ = {
			isa = XCBuildConfiguration;
			buildSettings = {
				CODE_SIGN_STYLE = Automatic;
				CURRENT_PROJECT_VERSION = 1;
				DEVELOPMENT_TEAM = TNLP8V9RKK;
				GENERATE_INFOPLIST_FILE = YES;
				MACOSX_DEPLOYMENT_TARGET = 15.5;
				MARKETING_VERSION = 1.0;
				PRODUCT_BUNDLE_IDENTIFIER = com.tigers2nd.VideoTestApp.TotalCallTestMacUITests;
				PRODUCT_NAME = "$(TARGET_NAME)";
				SDKROOT = macosx;
				SWIFT_EMIT_LOC_STRINGS = NO;
				SWIFT_VERSION = 5.0;
				TEST_TARGET_NAME = TotalCallTestMac;
			};
			name = Debug;
		};
		690FFA9E2E556A7D00BBE904 /* Release */ = {
			isa = XCBuildConfiguration;
			buildSettings = {
				CODE_SIGN_STYLE = Automatic;
				CURRENT_PROJECT_VERSION = 1;
				DEVELOPMENT_TEAM = TNLP8V9RKK;
				GENERATE_INFOPLIST_FILE = YES;
				MACOSX_DEPLOYMENT_TARGET = 15.5;
				MARKETING_VERSION = 1.0;
				PRODUCT_BUNDLE_IDENTIFIER = com.tigers2nd.VideoTestApp.TotalCallTestMacUITests;
				PRODUCT_NAME = "$(TARGET_NAME)";
				SDKROOT = macosx;
				SWIFT_EMIT_LOC_STRINGS = NO;
				SWIFT_VERSION = 5.0;
				TEST_TARGET_NAME = TotalCallTestMac;
			};
			name = Release;
		};
		6926DB112E549E87007C19CC /* Debug */ = {
			isa = XCBuildConfiguration;
			buildSettings = {
				ALWAYS_SEARCH_USER_PATHS = NO;
				ASSETCATALOG_COMPILER_GENERATE_SWIFT_ASSET_SYMBOL_EXTENSIONS = YES;
				CLANG_ANALYZER_NONNULL = YES;
				CLANG_ANALYZER_NUMBER_OBJECT_CONVERSION = YES_AGGRESSIVE;
				CLANG_CXX_LANGUAGE_STANDARD = "gnu++20";
				CLANG_ENABLE_MODULES = YES;
				CLANG_ENABLE_OBJC_ARC = YES;
				CLANG_ENABLE_OBJC_WEAK = YES;
				CLANG_WARN_BLOCK_CAPTURE_AUTORELEASING = YES;
				CLANG_WARN_BOOL_CONVERSION = YES;
				CLANG_WARN_COMMA = YES;
				CLANG_WARN_CONSTANT_CONVERSION = YES;
				CLANG_WARN_DEPRECATED_OBJC_IMPLEMENTATIONS = YES;
				CLANG_WARN_DIRECT_OBJC_ISA_USAGE = YES_ERROR;
				CLANG_WARN_DOCUMENTATION_COMMENTS = YES;
				CLANG_WARN_EMPTY_BODY = YES;
				CLANG_WARN_ENUM_CONVERSION = YES;
				CLANG_WARN_INFINITE_RECURSION = YES;
				CLANG_WARN_INT_CONVERSION = YES;
				CLANG_WARN_NON_LITERAL_NULL_CONVERSION = YES;
				CLANG_WARN_OBJC_IMPLICIT_RETAIN_SELF = YES;
				CLANG_WARN_OBJC_LITERAL_CONVERSION = YES;
				CLANG_WARN_OBJC_ROOT_CLASS = YES_ERROR;
				CLANG_WARN_QUOTED_INCLUDE_IN_FRAMEWORK_HEADER = YES;
				CLANG_WARN_RANGE_LOOP_ANALYSIS = YES;
				CLANG_WARN_STRICT_PROTOTYPES = YES;
				CLANG_WARN_SUSPICIOUS_MOVE = YES;
				CLANG_WARN_UNGUARDED_AVAILABILITY = YES_AGGRESSIVE;
				CLANG_WARN_UNREACHABLE_CODE = YES;
				CLANG_WARN__DUPLICATE_METHOD_MATCH = YES;
				COPY_PHASE_STRIP = NO;
				DEBUG_INFORMATION_FORMAT = dwarf;
				DEVELOPMENT_TEAM = TNLP8V9RKK;
				ENABLE_STRICT_OBJC_MSGSEND = YES;
				ENABLE_TESTABILITY = YES;
				ENABLE_USER_SCRIPT_SANDBOXING = YES;
				GCC_C_LANGUAGE_STANDARD = gnu17;
				GCC_DYNAMIC_NO_PIC = NO;
				GCC_NO_COMMON_BLOCKS = YES;
				GCC_OPTIMIZATION_LEVEL = 0;
				GCC_PREPROCESSOR_DEFINITIONS = (
					"DEBUG=1",
					"$(inherited)",
				);
				GCC_WARN_64_TO_32_BIT_CONVERSION = YES;
				GCC_WARN_ABOUT_RETURN_TYPE = YES_ERROR;
				GCC_WARN_UNDECLARED_SELECTOR = YES;
				GCC_WARN_UNINITIALIZED_AUTOS = YES_AGGRESSIVE;
				GCC_WARN_UNUSED_FUNCTION = YES;
				GCC_WARN_UNUSED_VARIABLE = YES;
				IPHONEOS_DEPLOYMENT_TARGET = 18.5;
				LOCALIZATION_PREFERS_STRING_CATALOGS = YES;
				MTL_ENABLE_DEBUG_INFO = INCLUDE_SOURCE;
				MTL_FAST_MATH = YES;
				ONLY_ACTIVE_ARCH = YES;
				SDKROOT = iphoneos;
				SWIFT_ACTIVE_COMPILATION_CONDITIONS = "DEBUG $(inherited)";
				SWIFT_OPTIMIZATION_LEVEL = "-Onone";
			};
			name = Debug;
		};
		6926DB122E549E87007C19CC /* Release */ = {
			isa = XCBuildConfiguration;
			buildSettings = {
				ALWAYS_SEARCH_USER_PATHS = NO;
				ASSETCATALOG_COMPILER_GENERATE_SWIFT_ASSET_SYMBOL_EXTENSIONS = YES;
				CLANG_ANALYZER_NONNULL = YES;
				CLANG_ANALYZER_NUMBER_OBJECT_CONVERSION = YES_AGGRESSIVE;
				CLANG_CXX_LANGUAGE_STANDARD = "gnu++20";
				CLANG_ENABLE_MODULES = YES;
				CLANG_ENABLE_OBJC_ARC = YES;
				CLANG_ENABLE_OBJC_WEAK = YES;
				CLANG_WARN_BLOCK_CAPTURE_AUTORELEASING = YES;
				CLANG_WARN_BOOL_CONVERSION = YES;
				CLANG_WARN_COMMA = YES;
				CLANG_WARN_CONSTANT_CONVERSION = YES;
				CLANG_WARN_DEPRECATED_OBJC_IMPLEMENTATIONS = YES;
				CLANG_WARN_DIRECT_OBJC_ISA_USAGE = YES_ERROR;
				CLANG_WARN_DOCUMENTATION_COMMENTS = YES;
				CLANG_WARN_EMPTY_BODY = YES;
				CLANG_WARN_ENUM_CONVERSION = YES;
				CLANG_WARN_INFINITE_RECURSION = YES;
				CLANG_WARN_INT_CONVERSION = YES;
				CLANG_WARN_NON_LITERAL_NULL_CONVERSION = YES;
				CLANG_WARN_OBJC_IMPLICIT_RETAIN_SELF = YES;
				CLANG_WARN_OBJC_LITERAL_CONVERSION = YES;
				CLANG_WARN_OBJC_ROOT_CLASS = YES_ERROR;
				CLANG_WARN_QUOTED_INCLUDE_IN_FRAMEWORK_HEADER = YES;
				CLANG_WARN_RANGE_LOOP_ANALYSIS = YES;
				CLANG_WARN_STRICT_PROTOTYPES = YES;
				CLANG_WARN_SUSPICIOUS_MOVE = YES;
				CLANG_WARN_UNGUARDED_AVAILABILITY = YES_AGGRESSIVE;
				CLANG_WARN_UNREACHABLE_CODE = YES;
				CLANG_WARN__DUPLICATE_METHOD_MATCH = YES;
				COPY_PHASE_STRIP = NO;
				DEBUG_INFORMATION_FORMAT = "dwarf-with-dsym";
				DEVELOPMENT_TEAM = TNLP8V9RKK;
				ENABLE_NS_ASSERTIONS = NO;
				ENABLE_STRICT_OBJC_MSGSEND = YES;
				ENABLE_USER_SCRIPT_SANDBOXING = YES;
				GCC_C_LANGUAGE_STANDARD = gnu17;
				GCC_NO_COMMON_BLOCKS = YES;
				GCC_WARN_64_TO_32_BIT_CONVERSION = YES;
				GCC_WARN_ABOUT_RETURN_TYPE = YES_ERROR;
				GCC_WARN_UNDECLARED_SELECTOR = YES;
				GCC_WARN_UNINITIALIZED_AUTOS = YES_AGGRESSIVE;
				GCC_WARN_UNUSED_FUNCTION = YES;
				GCC_WARN_UNUSED_VARIABLE = YES;
				IPHONEOS_DEPLOYMENT_TARGET = 18.5;
				LOCALIZATION_PREFERS_STRING_CATALOGS = YES;
				MTL_ENABLE_DEBUG_INFO = NO;
				MTL_FAST_MATH = YES;
				SDKROOT = iphoneos;
				SWIFT_COMPILATION_MODE = wholemodule;
				VALIDATE_PRODUCT = YES;
			};
			name = Release;
		};
		6926DB142E549E87007C19CC /* Debug */ = {
			isa = XCBuildConfiguration;
			buildSettings = {
				ASSETCATALOG_COMPILER_APPICON_NAME = AppIcon;
				ASSETCATALOG_COMPILER_GLOBAL_ACCENT_COLOR_NAME = AccentColor;
				CODE_SIGN_STYLE = Automatic;
				CURRENT_PROJECT_VERSION = 1;
				DEVELOPMENT_TEAM = TNLP8V9RKK;
				ENABLE_PREVIEWS = YES;
				GENERATE_INFOPLIST_FILE = YES;
				INFOPLIST_KEY_NSCameraUsageDescription = "This app needs access to camera for video calls.";
				INFOPLIST_KEY_NSMicrophoneUsageDescription = "This app needs access to microphone for voice calls.";
				INFOPLIST_KEY_UIApplicationSceneManifest_Generation = YES;
				INFOPLIST_KEY_UIApplicationSupportsIndirectInputEvents = YES;
				INFOPLIST_KEY_UILaunchScreen_Generation = YES;
				INFOPLIST_KEY_UISupportedInterfaceOrientations_iPad = "UIInterfaceOrientationPortrait UIInterfaceOrientationPortraitUpsideDown UIInterfaceOrientationLandscapeLeft UIInterfaceOrientationLandscapeRight";
				INFOPLIST_KEY_UISupportedInterfaceOrientations_iPhone = "UIInterfaceOrientationPortrait UIInterfaceOrientationLandscapeLeft UIInterfaceOrientationLandscapeRight";
				LD_RUNPATH_SEARCH_PATHS = (
					"$(inherited)",
					"@executable_path/Frameworks",
				);
				MARKETING_VERSION = 1.0;
				PRODUCT_BUNDLE_IDENTIFIER = com.tigers2nd.VideoTestApp.TotalCallTest;
				PRODUCT_NAME = "$(TARGET_NAME)";
				SWIFT_EMIT_LOC_STRINGS = YES;
				SWIFT_VERSION = 5.0;
				TARGETED_DEVICE_FAMILY = "1,2";
			};
			name = Debug;
		};
		6926DB152E549E87007C19CC /* Release */ = {
			isa = XCBuildConfiguration;
			buildSettings = {
				ASSETCATALOG_COMPILER_APPICON_NAME = AppIcon;
				ASSETCATALOG_COMPILER_GLOBAL_ACCENT_COLOR_NAME = AccentColor;
				CODE_SIGN_STYLE = Automatic;
				CURRENT_PROJECT_VERSION = 1;
				DEVELOPMENT_TEAM = TNLP8V9RKK;
				ENABLE_PREVIEWS = YES;
				GENERATE_INFOPLIST_FILE = YES;
				INFOPLIST_KEY_NSCameraUsageDescription = "This app needs access to camera for video calls.";
				INFOPLIST_KEY_NSMicrophoneUsageDescription = "This app needs access to microphone for voice calls.";
				INFOPLIST_KEY_UIApplicationSceneManifest_Generation = YES;
				INFOPLIST_KEY_UIApplicationSupportsIndirectInputEvents = YES;
				INFOPLIST_KEY_UILaunchScreen_Generation = YES;
				INFOPLIST_KEY_UISupportedInterfaceOrientations_iPad = "UIInterfaceOrientationPortrait UIInterfaceOrientationPortraitUpsideDown UIInterfaceOrientationLandscapeLeft UIInterfaceOrientationLandscapeRight";
				INFOPLIST_KEY_UISupportedInterfaceOrientations_iPhone = "UIInterfaceOrientationPortrait UIInterfaceOrientationLandscapeLeft UIInterfaceOrientationLandscapeRight";
				LD_RUNPATH_SEARCH_PATHS = (
					"$(inherited)",
					"@executable_path/Frameworks",
				);
				MARKETING_VERSION = 1.0;
				PRODUCT_BUNDLE_IDENTIFIER = com.tigers2nd.VideoTestApp.TotalCallTest;
				PRODUCT_NAME = "$(TARGET_NAME)";
				SWIFT_EMIT_LOC_STRINGS = YES;
				SWIFT_VERSION = 5.0;
				TARGETED_DEVICE_FAMILY = "1,2";
			};
			name = Release;
		};
		6926DB172E549E87007C19CC /* Debug */ = {
			isa = XCBuildConfiguration;
			buildSettings = {
				BUNDLE_LOADER = "$(TEST_HOST)";
				CODE_SIGN_STYLE = Automatic;
				CURRENT_PROJECT_VERSION = 1;
				DEVELOPMENT_TEAM = TNLP8V9RKK;
				GENERATE_INFOPLIST_FILE = YES;
				IPHONEOS_DEPLOYMENT_TARGET = 18.5;
				MARKETING_VERSION = 1.0;
				PRODUCT_BUNDLE_IDENTIFIER = com.tigers2nd.VideoTestApp.TotalCallTestTests;
				PRODUCT_NAME = "$(TARGET_NAME)";
				SWIFT_EMIT_LOC_STRINGS = NO;
				SWIFT_VERSION = 5.0;
				TARGETED_DEVICE_FAMILY = "1,2";
				TEST_HOST = "$(BUILT_PRODUCTS_DIR)/TotalCallTest.app/$(BUNDLE_EXECUTABLE_FOLDER_PATH)/TotalCallTest";
			};
			name = Debug;
		};
		6926DB182E549E87007C19CC /* Release */ = {
			isa = XCBuildConfiguration;
			buildSettings = {
				BUNDLE_LOADER = "$(TEST_HOST)";
				CODE_SIGN_STYLE = Automatic;
				CURRENT_PROJECT_VERSION = 1;
				DEVELOPMENT_TEAM = TNLP8V9RKK;
				GENERATE_INFOPLIST_FILE = YES;
				IPHONEOS_DEPLOYMENT_TARGET = 18.5;
				MARKETING_VERSION = 1.0;
				PRODUCT_BUNDLE_IDENTIFIER = com.tigers2nd.VideoTestApp.TotalCallTestTests;
				PRODUCT_NAME = "$(TARGET_NAME)";
				SWIFT_EMIT_LOC_STRINGS = NO;
				SWIFT_VERSION = 5.0;
				TARGETED_DEVICE_FAMILY = "1,2";
				TEST_HOST = "$(BUILT_PRODUCTS_DIR)/TotalCallTest.app/$(BUNDLE_EXECUTABLE_FOLDER_PATH)/TotalCallTest";
			};
			name = Release;
		};
		6926DB1A2E549E87007C19CC /* Debug */ = {
			isa = XCBuildConfiguration;
			buildSettings = {
				CODE_SIGN_STYLE = Automatic;
				CURRENT_PROJECT_VERSION = 1;
				DEVELOPMENT_TEAM = TNLP8V9RKK;
				GENERATE_INFOPLIST_FILE = YES;
				MARKETING_VERSION = 1.0;
				PRODUCT_BUNDLE_IDENTIFIER = com.tigers2nd.VideoTestApp.TotalCallTestUITests;
				PRODUCT_NAME = "$(TARGET_NAME)";
				SWIFT_EMIT_LOC_STRINGS = NO;
				SWIFT_VERSION = 5.0;
				TARGETED_DEVICE_FAMILY = "1,2";
				TEST_TARGET_NAME = TotalCallTest;
			};
			name = Debug;
		};
		6926DB1B2E549E87007C19CC /* Release */ = {
			isa = XCBuildConfiguration;
			buildSettings = {
				CODE_SIGN_STYLE = Automatic;
				CURRENT_PROJECT_VERSION = 1;
				DEVELOPMENT_TEAM = TNLP8V9RKK;
				GENERATE_INFOPLIST_FILE = YES;
				MARKETING_VERSION = 1.0;
				PRODUCT_BUNDLE_IDENTIFIER = com.tigers2nd.VideoTestApp.TotalCallTestUITests;
				PRODUCT_NAME = "$(TARGET_NAME)";
				SWIFT_EMIT_LOC_STRINGS = NO;
				SWIFT_VERSION = 5.0;
				TARGETED_DEVICE_FAMILY = "1,2";
				TEST_TARGET_NAME = TotalCallTest;
			};
			name = Release;
		};
/* End XCBuildConfiguration section */

/* Begin XCConfigurationList section */
		690FFA962E556A7D00BBE904 /* Build configuration list for PBXNativeTarget "TotalCallTestMac" */ = {
			isa = XCConfigurationList;
			buildConfigurations = (
				690FFA972E556A7D00BBE904 /* Debug */,
				690FFA982E556A7D00BBE904 /* Release */,
			);
			defaultConfigurationIsVisible = 0;
			defaultConfigurationName = Release;
		};
		690FFA992E556A7D00BBE904 /* Build configuration list for PBXNativeTarget "TotalCallTestMacTests" */ = {
			isa = XCConfigurationList;
			buildConfigurations = (
				690FFA9A2E556A7D00BBE904 /* Debug */,
				690FFA9B2E556A7D00BBE904 /* Release */,
			);
			defaultConfigurationIsVisible = 0;
			defaultConfigurationName = Release;
		};
		690FFA9C2E556A7D00BBE904 /* Build configuration list for PBXNativeTarget "TotalCallTestMacUITests" */ = {
			isa = XCConfigurationList;
			buildConfigurations = (
				690FFA9D2E556A7D00BBE904 /* Debug */,
				690FFA9E2E556A7D00BBE904 /* Release */,
			);
			defaultConfigurationIsVisible = 0;
			defaultConfigurationName = Release;
		};
		6926DAED2E549E85007C19CC /* Build configuration list for PBXProject "TotalCallTest" */ = {
			isa = XCConfigurationList;
			buildConfigurations = (
				6926DB112E549E87007C19CC /* Debug */,
				6926DB122E549E87007C19CC /* Release */,
			);
			defaultConfigurationIsVisible = 0;
			defaultConfigurationName = Release;
		};
		6926DB132E549E87007C19CC /* Build configuration list for PBXNativeTarget "TotalCallTest" */ = {
			isa = XCConfigurationList;
			buildConfigurations = (
				6926DB142E549E87007C19CC /* Debug */,
				6926DB152E549E87007C19CC /* Release */,
			);
			defaultConfigurationIsVisible = 0;
			defaultConfigurationName = Release;
		};
		6926DB162E549E87007C19CC /* Build configuration list for PBXNativeTarget "TotalCallTestTests" */ = {
			isa = XCConfigurationList;
			buildConfigurations = (
				6926DB172E549E87007C19CC /* Debug */,
				6926DB182E549E87007C19CC /* Release */,
			);
			defaultConfigurationIsVisible = 0;
			defaultConfigurationName = Release;
		};
		6926DB192E549E87007C19CC /* Build configuration list for PBXNativeTarget "TotalCallTestUITests" */ = {
			isa = XCConfigurationList;
			buildConfigurations = (
				6926DB1A2E549E87007C19CC /* Debug */,
				6926DB1B2E549E87007C19CC /* Release */,
			);
			defaultConfigurationIsVisible = 0;
			defaultConfigurationName = Release;
		};
/* End XCConfigurationList section */

/* Begin XCRemoteSwiftPackageReference section */
		6926DB1D2E549F00007C19CC /* XCRemoteSwiftPackageReference "client-sdk-swift" */ = {
			isa = XCRemoteSwiftPackageReference;
			repositoryURL = "https://github.com/livekit/client-sdk-swift.git";
			requirement = {
				kind = upToNextMajorVersion;
				minimumVersion = 2.0.0;
			};
		};
/* End XCRemoteSwiftPackageReference section */

/* Begin XCSwiftPackageProductDependency section */
		6926DB1C2E549F00007C19CC /* LiveKit */ = {
			isa = XCSwiftPackageProductDependency;
			package = 6926DB1D2E549F00007C19CC /* XCRemoteSwiftPackageReference "client-sdk-swift" */;
			productName = LiveKit;
		};
		6977B39C2E558B3E00E76CBF /* LiveKit */ = {
			isa = XCSwiftPackageProductDependency;
			package = 6926DB1D2E549F00007C19CC /* XCRemoteSwiftPackageReference "client-sdk-swift" */;
			productName = LiveKit;
		};
/* End XCSwiftPackageProductDependency section */
	};
	rootObject = 6926DAEA2E549E85007C19CC /* Project object */;
}
